
Microsoft Visual Studio Solution File, Format Version 12.00
# Visual Studio Version 16
VisualStudioVersion = 16.0.30621.155
MinimumVisualStudioVersion = 10.0.40219.1
Project("{FAE04EC0-301F-11D3-BF4B-00C04F79EFBC}") = "GPIBServer", "GPIBServer\GPIBServer.csproj", "{21FD3BC4-1498-479B-AF20-47698A8996C2}"
EndProject
Global
	GlobalSection(SolutionConfigurationPlatforms) = preSolution
		Debug|Any CPU = Debug|Any CPU
		Release|Any CPU = Release|Any CPU
	EndGlobalSection
	GlobalSection(ProjectConfigurationPlatforms) = postSolution
		{21FD3BC4-1498-479B-AF20-47698A8996C2}.Debug|Any CPU.ActiveCfg = Debug|Any CPU
		{21FD3BC4-1498-479B-AF20-47698A8996C2}.Debug|Any CPU.Build.0 = Debug|Any CPU
		{21FD3BC4-1498-479B-AF20-47698A8996C2}.Release|Any CPU.ActiveCfg = Release|Any CPU
		{21FD3BC4-1498-479B-AF20-47698A8996C2}.Release|Any CPU.Build.0 = Release|Any CPU
	EndGlobalSection
	GlobalSection(SolutionProperties) = preSolution
		HideSolutionNode = FALSE
	EndGlobalSection
	GlobalSection(ExtensibilityGlobals) = postSolution
		SolutionGuid = {225A2CBF-4AB9-45B5-AB91-FC0907135785}
	EndGlobalSection
EndGlobal
